
Microsoft Visual Studio Solution File, Format Version 12.00
# Visual Studio Version 16
VisualStudioVersion = 16.0.28729.10
MinimumVisualStudioVersion = 10.0.40219.1
Project("{FAE04EC0-301F-11D3-BF4B-00C04F79EFBC}") = "FITSystem", "FITSystem\FITSystem.csproj", "{ADB0A033-4479-4BD3-A7DC-56C52B8EA69E}"
EndProject
Global
	GlobalSection(SolutionConfigurationPlatforms) = preSolution
		Debug|Any CPU = Debug|Any CPU
		Release|Any CPU = Release|Any CPU
	EndGlobalSection
	GlobalSection(ProjectConfigurationPlatforms) = postSolution
		{ADB0A033-4479-4BD3-A7DC-56C52B8EA69E}.Debug|Any CPU.ActiveCfg = Debug|Any CPU
		{ADB0A033-4479-4BD3-A7DC-56C52B8EA69E}.Debug|Any CPU.Build.0 = Debug|Any CPU
		{ADB0A033-4479-4BD3-A7DC-56C52B8EA69E}.Release|Any CPU.ActiveCfg = Release|Any CPU
		{ADB0A033-4479-4BD3-A7DC-56C52B8EA69E}.Release|Any CPU.Build.0 = Release|Any CPU
	EndGlobalSection
	GlobalSection(SolutionProperties) = preSolution
		HideSolutionNode = FALSE
	EndGlobalSection
	GlobalSection(ExtensibilityGlobals) = postSolution
		SolutionGuid = {A9D1BC3E-0F4F-491B-9590-21F7F5DDBE08}
	EndGlobalSection
EndGlobal
